
Microsoft Visual Studio Solution File, Format Version 12.00
# Visual Studio Version 16
VisualStudioVersion = 16.0.29806.167
MinimumVisualStudioVersion = 10.0.40219.1
Project("{FAE04EC0-301F-11D3-BF4B-00C04F79EFBC}") = "Ticky", "Ticky\Ticky.csproj", "{7861DE9E-14CF-4949-A2A7-8E96A9BF2249}"
EndProject
Global
	GlobalSection(SolutionConfigurationPlatforms) = preSolution
		Debug|Any CPU = Debug|Any CPU
		Release|Any CPU = Release|Any CPU
	EndGlobalSection
	GlobalSection(ProjectConfigurationPlatforms) = postSolution
		{7861DE9E-14CF-4949-A2A7-8E96A9BF2249}.Debug|Any CPU.ActiveCfg = Debug|Any CPU
		{7861DE9E-14CF-4949-A2A7-8E96A9BF2249}.Debug|Any CPU.Build.0 = Debug|Any CPU
		{7861DE9E-14CF-4949-A2A7-8E96A9BF2249}.Release|Any CPU.ActiveCfg = Release|Any CPU
		{7861DE9E-14CF-4949-A2A7-8E96A9BF2249}.Release|Any CPU.Build.0 = Release|Any CPU
	EndGlobalSection
	GlobalSection(SolutionProperties) = preSolution
		HideSolutionNode = FALSE
	EndGlobalSection
	GlobalSection(ExtensibilityGlobals) = postSolution
		SolutionGuid = {35A75512-A89C-42A0-BCD1-24A971390A3A}
	EndGlobalSection
EndGlobal
